
Microsoft Visual Studio Solution File, Format Version 12.00
# Visual Studio Version 16
VisualStudioVersion = 16.0.31624.102
MinimumVisualStudioVersion = 10.0.40219.1
Project("{8BC9CEB8-8B4A-11D0-8D11-00A0C91BC942}") = "9_1_2", "9_1_2\9_1_2.vcxproj", "{28561948-0CCE-4DCD-A9A5-0BB25F292B06}"
EndProject
Global
	GlobalSection(SolutionConfigurationPlatforms) = preSolution
		Debug|x64 = Debug|x64
		Debug|x86 = Debug|x86
		Release|x64 = Release|x64
		Release|x86 = Release|x86
	EndGlobalSection
	GlobalSection(ProjectConfigurationPlatforms) = postSolution
		{28561948-0CCE-4DCD-A9A5-0BB25F292B06}.Debug|x64.ActiveCfg = Debug|x64
		{28561948-0CCE-4DCD-A9A5-0BB25F292B06}.Debug|x64.Build.0 = Debug|x64
		{28561948-0CCE-4DCD-A9A5-0BB25F292B06}.Debug|x86.ActiveCfg = Debug|Win32
		{28561948-0CCE-4DCD-A9A5-0BB25F292B06}.Debug|x86.Build.0 = Debug|Win32
		{28561948-0CCE-4DCD-A9A5-0BB25F292B06}.Release|x64.ActiveCfg = Release|x64
		{28561948-0CCE-4DCD-A9A5-0BB25F292B06}.Release|x64.Build.0 = Release|x64
		{28561948-0CCE-4DCD-A9A5-0BB25F292B06}.Release|x86.ActiveCfg = Release|Win32
		{28561948-0CCE-4DCD-A9A5-0BB25F292B06}.Release|x86.Build.0 = Release|Win32
	EndGlobalSection
	GlobalSection(SolutionProperties) = preSolution
		HideSolutionNode = FALSE
	EndGlobalSection
	GlobalSection(ExtensibilityGlobals) = postSolution
		SolutionGuid = {606F5D42-EAE0-45B0-9AF6-CCE07A9DD5AD}
	EndGlobalSection
EndGlobal
